// !$*UTF8*$!
{
	archiveVersion = 1;
	classes = {
	};
	objectVersion = 50;
	objects = {

/* Begin PBXBuildFile section */
		A4DE9A19257CA41B005C8EED /* AppDelegate.swift in Sources */ = {isa = PBXBuildFile; fileRef = A4DE9A18257CA41B005C8EED /* AppDelegate.swift */; };
		A4DE9A1B257CA41B005C8EED /* SceneDelegate.swift in Sources */ = {isa = PBXBuildFile; fileRef = A4DE9A1A257CA41B005C8EED /* SceneDelegate.swift */; };
		A4DE9A1D257CA41B005C8EED /* ViewController.swift in Sources */ = {isa = PBXBuildFile; fileRef = A4DE9A1C257CA41B005C8EED /* ViewController.swift */; };
		A4DE9A20257CA41B005C8EED /* Main.storyboard in Resources */ = {isa = PBXBuildFile; fileRef = A4DE9A1E257CA41B005C8EED /* Main.storyboard */; };
		A4DE9A22257CA41C005C8EED /* Assets.xcassets in Resources */ = {isa = PBXBuildFile; fileRef = A4DE9A21257CA41C005C8EED /* Assets.xcassets */; };
		A4DE9A25257CA41C005C8EED /* LaunchScreen.storyboard in Resources */ = {isa = PBXBuildFile; fileRef = A4DE9A23257CA41C005C8EED /* LaunchScreen.storyboard */; };
		A4DE9A30257CA41C005C8EED /* QuizTests.swift in Sources */ = {isa = PBXBuildFile; fileRef = A4DE9A2F257CA41C005C8EED /* QuizTests.swift */; };
		A4DE9A3B257CA41D005C8EED /* QuizUITests.swift in Sources */ = {isa = PBXBuildFile; fileRef = A4DE9A3A257CA41D005C8EED /* QuizUITests.swift */; };
/* End PBXBuildFile section */

/* Begin PBXContainerItemProxy section */
		A4DE9A2C257CA41C005C8EED /* PBXContainerItemProxy */ = {
			isa = PBXContainerItemProxy;
			containerPortal = A4DE9A0D257CA41B005C8EED /* Project object */;
			proxyType = 1;
			remoteGlobalIDString = A4DE9A14257CA41B005C8EED;
			remoteInfo = Quiz;
		};
		A4DE9A37257CA41C005C8EED /* PBXContainerItemProxy */ = {
			isa = PBXContainerItemProxy;
			containerPortal = A4DE9A0D257CA41B005C8EED /* Project object */;
			proxyType = 1;
			remoteGlobalIDString = A4DE9A14257CA41B005C8EED;
			remoteInfo = Quiz;
		};
/* End PBXContainerItemProxy section */

/* Begin PBXFileReference section */
		A4DE9A15257CA41B005C8EED /* Quiz.app */ = {isa = PBXFileReference; explicitFileType = wrapper.application; includeInIndex = 0; path = Quiz.app; sourceTree = BUILT_PRODUCTS_DIR; };
		A4DE9A18257CA41B005C8EED /* AppDelegate.swift */ = {isa = PBXFileReference; lastKnownFileType = sourcecode.swift; path = AppDelegate.swift; sourceTree = "<group>"; };
		A4DE9A1A257CA41B005C8EED /* SceneDelegate.swift */ = {isa = PBXFileReference; lastKnownFileType = sourcecode.swift; path = SceneDelegate.swift; sourceTree = "<group>"; };
		A4DE9A1C257CA41B005C8EED /* ViewController.swift */ = {isa = PBXFileReference; lastKnownFileType = sourcecode.swift; path = ViewController.swift; sourceTree = "<group>"; };
		A4DE9A1F257CA41B005C8EED /* Base */ = {isa = PBXFileReference; lastKnownFileType = file.storyboard; name = Base; path = Base.lproj/Main.storyboard; sourceTree = "<group>"; };
		A4DE9A21257CA41C005C8EED /* Assets.xcassets */ = {isa = PBXFileReference; lastKnownFileType = folder.assetcatalog; path = Assets.xcassets; sourceTree = "<group>"; };
		A4DE9A24257CA41C005C8EED /* Base */ = {isa = PBXFileReference; lastKnownFileType = file.storyboard; name = Base; path = Base.lproj/LaunchScreen.storyboard; sourceTree = "<group>"; };
		A4DE9A26257CA41C005C8EED /* Info.plist */ = {isa = PBXFileReference; lastKnownFileType = text.plist.xml; path = Info.plist; sourceTree = "<group>"; };
		A4DE9A2B257CA41C005C8EED /* QuizTests.xctest */ = {isa = PBXFileReference; explicitFileType = wrapper.cfbundle; includeInIndex = 0; path = QuizTests.xctest; sourceTree = BUILT_PRODUCTS_DIR; };
		A4DE9A2F257CA41C005C8EED /* QuizTests.swift */ = {isa = PBXFileReference; lastKnownFileType = sourcecode.swift; path = QuizTests.swift; sourceTree = "<group>"; };
		A4DE9A31257CA41C005C8EED /* Info.plist */ = {isa = PBXFileReference; lastKnownFileType = text.plist.xml; path = Info.plist; sourceTree = "<group>"; };
		A4DE9A36257CA41C005C8EED /* QuizUITests.xctest */ = {isa = PBXFileReference; explicitFileType = wrapper.cfbundle; includeInIndex = 0; path = QuizUITests.xctest; sourceTree = BUILT_PRODUCTS_DIR; };
		A4DE9A3A257CA41D005C8EED /* QuizUITests.swift */ = {isa = PBXFileReference; lastKnownFileType = sourcecode.swift; path = QuizUITests.swift; sourceTree = "<group>"; };
		A4DE9A3C257CA41D005C8EED /* Info.plist */ = {isa = PBXFileReference; lastKnownFileType = text.plist.xml; path = Info.plist; sourceTree = "<group>"; };
/* End PBXFileReference section */

/* Begin PBXFrameworksBuildPhase section */
		A4DE9A12257CA41B005C8EED /* Frameworks */ = {
			isa = PBXFrameworksBuildPhase;
			buildActionMask = 2147483647;
			files = (
			);
			runOnlyForDeploymentPostprocessing = 0;
		};
		A4DE9A28257CA41C005C8EED /* Frameworks */ = {
			isa = PBXFrameworksBuildPhase;
			buildActionMask = 2147483647;
			files = (
			);
			runOnlyForDeploymentPostprocessing = 0;
		};
		A4DE9A33257CA41C005C8EED /* Frameworks */ = {
			isa = PBXFrameworksBuildPhase;
			buildActionMask = 2147483647;
			files = (
			);
			runOnlyForDeploymentPostprocessing = 0;
		};
/* End PBXFrameworksBuildPhase section */

/* Begin PBXGroup section */
		A4DE9A0C257CA41B005C8EED = {
			isa = PBXGroup;
			children = (
				A4DE9A17257CA41B005C8EED /* Quiz */,
				A4DE9A2E257CA41C005C8EED /* QuizTests */,
				A4DE9A39257CA41D005C8EED /* QuizUITests */,
				A4DE9A16257CA41B005C8EED /* Products */,
			);
			sourceTree = "<group>";
		};
		A4DE9A16257CA41B005C8EED /* Products */ = {
			isa = PBXGroup;
			children = (
				A4DE9A15257CA41B005C8EED /* Quiz.app */,
				A4DE9A2B257CA41C005C8EED /* QuizTests.xctest */,
				A4DE9A36257CA41C005C8EED /* QuizUITests.xctest */,
			);
			name = Products;
			sourceTree = "<group>";
		};
		A4DE9A17257CA41B005C8EED /* Quiz */ = {
			isa = PBXGroup;
			children = (
				A4DE9A18257CA41B005C8EED /* AppDelegate.swift */,
				A4DE9A1A257CA41B005C8EED /* SceneDelegate.swift */,
				A4DE9A1C257CA41B005C8EED /* ViewController.swift */,
				A4DE9A1E257CA41B005C8EED /* Main.storyboard */,
				A4DE9A21257CA41C005C8EED /* Assets.xcassets */,
				A4DE9A23257CA41C005C8EED /* LaunchScreen.storyboard */,
				A4DE9A26257CA41C005C8EED /* Info.plist */,
			);
			path = Quiz;
			sourceTree = "<group>";
		};
		A4DE9A2E257CA41C005C8EED /* QuizTests */ = {
			isa = PBXGroup;
			children = (
				A4DE9A2F257CA41C005C8EED /* QuizTests.swift */,
				A4DE9A31257CA41C005C8EED /* Info.plist */,
			);
			path = QuizTests;
			sourceTree = "<group>";
		};
		A4DE9A39257CA41D005C8EED /* QuizUITests */ = {
			isa = PBXGroup;
			children = (
				A4DE9A3A257CA41D005C8EED /* QuizUITests.swift */,
				A4DE9A3C257CA41D005C8EED /* Info.plist */,
			);
			path = QuizUITests;
			sourceTree = "<group>";
		};
/* End PBXGroup section */

/* Begin PBXNativeTarget section */
		A4DE9A14257CA41B005C8EED /* Quiz */ = {
			isa = PBXNativeTarget;
			buildConfigurationList = A4DE9A3F257CA41D005C8EED /* Build configuration list for PBXNativeTarget "Quiz" */;
			buildPhases = (
				A4DE9A11257CA41B005C8EED /* Sources */,
				A4DE9A12257CA41B005C8EED /* Frameworks */,
				A4DE9A13257CA41B005C8EED /* Resources */,
			);
			buildRules = (
			);
			dependencies = (
			);
			name = Quiz;
			productName = Quiz;
			productReference = A4DE9A15257CA41B005C8EED /* Quiz.app */;
			productType = "com.apple.product-type.application";
		};
		A4DE9A2A257CA41C005C8EED /* QuizTests */ = {
			isa = PBXNativeTarget;
			buildConfigurationList = A4DE9A42257CA41D005C8EED /* Build configuration list for PBXNativeTarget "QuizTests" */;
			buildPhases = (
				A4DE9A27257CA41C005C8EED /* Sources */,
				A4DE9A28257CA41C005C8EED /* Frameworks */,
				A4DE9A29257CA41C005C8EED /* Resources */,
			);
			buildRules = (
			);
			dependencies = (
				A4DE9A2D257CA41C005C8EED /* PBXTargetDependency */,
			);
			name = QuizTests;
			productName = QuizTests;
			productReference = A4DE9A2B257CA41C005C8EED /* QuizTests.xctest */;
			productType = "com.apple.product-type.bundle.unit-test";
		};
		A4DE9A35257CA41C005C8EED /* QuizUITests */ = {
			isa = PBXNativeTarget;
			buildConfigurationList = A4DE9A45257CA41D005C8EED /* Build configuration list for PBXNativeTarget "QuizUITests" */;
			buildPhases = (
				A4DE9A32257CA41C005C8EED /* Sources */,
				A4DE9A33257CA41C005C8EED /* Frameworks */,
				A4DE9A34257CA41C005C8EED /* Resources */,
			);
			buildRules = (
			);
			dependencies = (
				A4DE9A38257CA41C005C8EED /* PBXTargetDependency */,
			);
			name = QuizUITests;
			productName = QuizUITests;
			productReference = A4DE9A36257CA41C005C8EED /* QuizUITests.xctest */;
			productType = "com.apple.product-type.bundle.ui-testing";
		};
/* End PBXNativeTarget section */

/* Begin PBXProject section */
		A4DE9A0D257CA41B005C8EED /* Project object */ = {
			isa = PBXProject;
			attributes = {
				LastSwiftUpdateCheck = 1230;
				LastUpgradeCheck = 1230;
				TargetAttributes = {
					A4DE9A14257CA41B005C8EED = {
						CreatedOnToolsVersion = 12.3;
					};
					A4DE9A2A257CA41C005C8EED = {
						CreatedOnToolsVersion = 12.3;
						TestTargetID = A4DE9A14257CA41B005C8EED;
					};
					A4DE9A35257CA41C005C8EED = {
						CreatedOnToolsVersion = 12.3;
						TestTargetID = A4DE9A14257CA41B005C8EED;
					};
				};
			};
			buildConfigurationList = A4DE9A10257CA41B005C8EED /* Build configuration list for PBXProject "Quiz" */;
			compatibilityVersion = "Xcode 9.3";
			developmentRegion = en;
			hasScannedForEncodings = 0;
			knownRegions = (
				en,
				Base,
			);
			mainGroup = A4DE9A0C257CA41B005C8EED;
			productRefGroup = A4DE9A16257CA41B005C8EED /* Products */;
			projectDirPath = "";
			projectRoot = "";
			targets = (
				A4DE9A14257CA41B005C8EED /* Quiz */,
				A4DE9A2A257CA41C005C8EED /* QuizTests */,
				A4DE9A35257CA41C005C8EED /* QuizUITests */,
			);
		};
/* End PBXProject section */

/* Begin PBXResourcesBuildPhase section */
		A4DE9A13257CA41B005C8EED /* Resources */ = {
			isa = PBXResourcesBuildPhase;
			buildActionMask = 2147483647;
			files = (
				A4DE9A25257CA41C005C8EED /* LaunchScreen.storyboard in Resources */,
				A4DE9A22257CA41C005C8EED /* Assets.xcassets in Resources */,
				A4DE9A20257CA41B005C8EED /* Main.storyboard in Resources */,
			);
			runOnlyForDeploymentPostprocessing = 0;
		};
		A4DE9A29257CA41C005C8EED /* Resources */ = {
			isa = PBXResourcesBuildPhase;
			buildActionMask = 2147483647;
			files = (
			);
			runOnlyForDeploymentPostprocessing = 0;
		};
		A4DE9A34257CA41C005C8EED /* Resources */ = {
			isa = PBXResourcesBuildPhase;
			buildActionMask = 2147483647;
			files = (
			);
			runOnlyForDeploymentPostprocessing = 0;
		};
/* End PBXResourcesBuildPhase section */

/* Begin PBXSourcesBuildPhase section */
		A4DE9A11257CA41B005C8EED /* Sources */ = {
			isa = PBXSourcesBuildPhase;
			buildActionMask = 2147483647;
			files = (
				A4DE9A1D257CA41B005C8EED /* ViewController.swift in Sources */,
				A4DE9A19257CA41B005C8EED /* AppDelegate.swift in Sources */,
				A4DE9A1B257CA41B005C8EED /* SceneDelegate.swift in Sources */,
			);
			runOnlyForDeploymentPostprocessing = 0;
		};
		A4DE9A27257CA41C005C8EED /* Sources */ = {
			isa = PBXSourcesBuildPhase;
			buildActionMask = 2147483647;
			files = (
				A4DE9A30257CA41C005C8EED /* QuizTests.swift in Sources */,
			);
			runOnlyForDeploymentPostprocessing = 0;
		};
		A4DE9A32257CA41C005C8EED /* Sources */ = {
			isa = PBXSourcesBuildPhase;
			buildActionMask = 2147483647;
			files = (
				A4DE9A3B257CA41D005C8EED /* QuizUITests.swift in Sources */,
			);
			runOnlyForDeploymentPostprocessing = 0;
		};
/* End PBXSourcesBuildPhase section */

/* Begin PBXTargetDependency section */
		A4DE9A2D257CA41C005C8EED /* PBXTargetDependency */ = {
			isa = PBXTargetDependency;
			target = A4DE9A14257CA41B005C8EED /* Quiz */;
			targetProxy = A4DE9A2C257CA41C005C8EED /* PBXContainerItemProxy */;
		};
		A4DE9A38257CA41C005C8EED /* PBXTargetDependency */ = {
			isa = PBXTargetDependency;
			target = A4DE9A14257CA41B005C8EED /* Quiz */;
			targetProxy = A4DE9A37257CA41C005C8EED /* PBXContainerItemProxy */;
		};
/* End PBXTargetDependency section */

/* Begin PBXVariantGroup section */
		A4DE9A1E257CA41B005C8EED /* Main.storyboard */ = {
			isa = PBXVariantGroup;
			children = (
				A4DE9A1F257CA41B005C8EED /* Base */,
			);
			name = Main.storyboard;
			sourceTree = "<group>";
		};
		A4DE9A23257CA41C005C8EED /* LaunchScreen.storyboard */ = {
			isa = PBXVariantGroup;
			children = (
				A4DE9A24257CA41C005C8EED /* Base */,
			);
			name = LaunchScreen.storyboard;
			sourceTree = "<group>";
		};
/* End PBXVariantGroup section */

/* Begin XCBuildConfiguration section */
		A4DE9A3D257CA41D005C8EED /* Debug */ = {
			isa = XCBuildConfiguration;
			buildSettings = {
				ALWAYS_SEARCH_USER_PATHS = NO;
				CLANG_ANALYZER_NONNULL = YES;
				CLANG_ANALYZER_NUMBER_OBJECT_CONVERSION = YES_AGGRESSIVE;
				CLANG_CXX_LANGUAGE_STANDARD = "gnu++14";
				CLANG_CXX_LIBRARY = "libc++";
				CLANG_ENABLE_MODULES = YES;
				CLANG_ENABLE_OBJC_ARC = YES;
				CLANG_ENABLE_OBJC_WEAK = YES;
				CLANG_WARN_BLOCK_CAPTURE_AUTORELEASING = YES;
				CLANG_WARN_BOOL_CONVERSION = YES;
				CLANG_WARN_COMMA = YES;
				CLANG_WARN_CONSTANT_CONVERSION = YES;
				CLANG_WARN_DEPRECATED_OBJC_IMPLEMENTATIONS = YES;
				CLANG_WARN_DIRECT_OBJC_ISA_USAGE = YES_ERROR;
				CLANG_WARN_DOCUMENTATION_COMMENTS = YES;
				CLANG_WARN_EMPTY_BODY = YES;
				CLANG_WARN_ENUM_CONVERSION = YES;
				CLANG_WARN_INFINITE_RECURSION = YES;
				CLANG_WARN_INT_CONVERSION = YES;
				CLANG_WARN_NON_LITERAL_NULL_CONVERSION = YES;
				CLANG_WARN_OBJC_IMPLICIT_RETAIN_SELF = YES;
				CLANG_WARN_OBJC_LITERAL_CONVERSION = YES;
				CLANG_WARN_OBJC_ROOT_CLASS = YES_ERROR;
				CLANG_WARN_QUOTED_INCLUDE_IN_FRAMEWORK_HEADER = YES;
				CLANG_WARN_RANGE_LOOP_ANALYSIS = YES;
				CLANG_WARN_STRICT_PROTOTYPES = YES;
				CLANG_WARN_SUSPICIOUS_MOVE = YES;
				CLANG_WARN_UNGUARDED_AVAILABILITY = YES_AGGRESSIVE;
				CLANG_WARN_UNREACHABLE_CODE = YES;
				CLANG_WARN__DUPLICATE_METHOD_MATCH = YES;
				COPY_PHASE_STRIP = NO;
				DEBUG_INFORMATION_FORMAT = dwarf;
				ENABLE_STRICT_OBJC_MSGSEND = YES;
				ENABLE_TESTABILITY = YES;
				GCC_C_LANGUAGE_STANDARD = gnu11;
				GCC_DYNAMIC_NO_PIC = NO;
				GCC_NO_COMMON_BLOCKS = YES;
				GCC_OPTIMIZATION_LEVEL = 0;
				GCC_PREPROCESSOR_DEFINITIONS = (
					"DEBUG=1",
					"$(inherited)",
				);
				GCC_WARN_64_TO_32_BIT_CONVERSION = YES;
				GCC_WARN_ABOUT_RETURN_TYPE = YES_ERROR;
				GCC_WARN_UNDECLARED_SELECTOR = YES;
				GCC_WARN_UNINITIALIZED_AUTOS = YES_AGGRESSIVE;
				GCC_WARN_UNUSED_FUNCTION = YES;
				GCC_WARN_UNUSED_VARIABLE = YES;
				IPHONEOS_DEPLOYMENT_TARGET = 14.3;
				MTL_ENABLE_DEBUG_INFO = INCLUDE_SOURCE;
				MTL_FAST_MATH = YES;
				ONLY_ACTIVE_ARCH = YES;
				SDKROOT = iphoneos;
				SWIFT_ACTIVE_COMPILATION_CONDITIONS = DEBUG;
				SWIFT_OPTIMIZATION_LEVEL = "-Onone";
			};
			name = Debug;
		};
		A4DE9A3E257CA41D005C8EED /* Release */ = {
			isa = XCBuildConfiguration;
			buildSettings = {
				ALWAYS_SEARCH_USER_PATHS = NO;
				CLANG_ANALYZER_NONNULL = YES;
				CLANG_ANALYZER_NUMBER_OBJECT_CONVERSION = YES_AGGRESSIVE;
				CLANG_CXX_LANGUAGE_STANDARD = "gnu++14";
				CLANG_CXX_LIBRARY = "libc++";
				CLANG_ENABLE_MODULES = YES;
				CLANG_ENABLE_OBJC_ARC = YES;
				CLANG_ENABLE_OBJC_WEAK = YES;
				CLANG_WARN_BLOCK_CAPTURE_AUTORELEASING = YES;
				CLANG_WARN_BOOL_CONVERSION = YES;
				CLANG_WARN_COMMA = YES;
				CLANG_WARN_CONSTANT_CONVERSION = YES;
				CLANG_WARN_DEPRECATED_OBJC_IMPLEMENTATIONS = YES;
				CLANG_WARN_DIRECT_OBJC_ISA_USAGE = YES_ERROR;
				CLANG_WARN_DOCUMENTATION_COMMENTS = YES;
				CLANG_WARN_EMPTY_BODY = YES;
				CLANG_WARN_ENUM_CONVERSION = YES;
				CLANG_WARN_INFINITE_RECURSION = YES;
				CLANG_WARN_INT_CONVERSION = YES;
				CLANG_WARN_NON_LITERAL_NULL_CONVERSION = YES;
				CLANG_WARN_OBJC_IMPLICIT_RETAIN_SELF = YES;
				CLANG_WARN_OBJC_LITERAL_CONVERSION = YES;
				CLANG_WARN_OBJC_ROOT_CLASS = YES_ERROR;
				CLANG_WARN_QUOTED_INCLUDE_IN_FRAMEWORK_HEADER = YES;
				CLANG_WARN_RANGE_LOOP_ANALYSIS = YES;
				CLANG_WARN_STRICT_PROTOTYPES = YES;
				CLANG_WARN_SUSPICIOUS_MOVE = YES;
				CLANG_WARN_UNGUARDED_AVAILABILITY = YES_AGGRESSIVE;
				CLANG_WARN_UNREACHABLE_CODE = YES;
				CLANG_WARN__DUPLICATE_METHOD_MATCH = YES;
				COPY_PHASE_STRIP = NO;
				DEBUG_INFORMATION_FORMAT = "dwarf-with-dsym";
				ENABLE_NS_ASSERTIONS = NO;
				ENABLE_STRICT_OBJC_MSGSEND = YES;
				GCC_C_LANGUAGE_STANDARD = gnu11;
				GCC_NO_COMMON_BLOCKS = YES;
				GCC_WARN_64_TO_32_BIT_CONVERSION = YES;
				GCC_WARN_ABOUT_RETURN_TYPE = YES_ERROR;
				GCC_WARN_UNDECLARED_SELECTOR = YES;
				GCC_WARN_UNINITIALIZED_AUTOS = YES_AGGRESSIVE;
				GCC_WARN_UNUSED_FUNCTION = YES;
				GCC_WARN_UNUSED_VARIABLE = YES;
				IPHONEOS_DEPLOYMENT_TARGET = 14.3;
				MTL_ENABLE_DEBUG_INFO = NO;
				MTL_FAST_MATH = YES;
				SDKROOT = iphoneos;
				SWIFT_COMPILATION_MODE = wholemodule;
				SWIFT_OPTIMIZATION_LEVEL = "-O";
				VALIDATE_PRODUCT = YES;
			};
			name = Release;
		};
		A4DE9A40257CA41D005C8EED /* Debug */ = {
			isa = XCBuildConfiguration;
			buildSettings = {
				ASSETCATALOG_COMPILER_APPICON_NAME = AppIcon;
				ASSETCATALOG_COMPILER_GLOBAL_ACCENT_COLOR_NAME = AccentColor;
				CODE_SIGN_STYLE = Automatic;
				INFOPLIST_FILE = Quiz/Info.plist;
				LD_RUNPATH_SEARCH_PATHS = (
					"$(inherited)",
					"@executable_path/Frameworks",
				);
				PRODUCT_BUNDLE_IDENTIFIER = justinjoe.Quiz;
				PRODUCT_NAME = "$(TARGET_NAME)";
				SWIFT_VERSION = 5.0;
				TARGETED_DEVICE_FAMILY = "1,2";
			};
			name = Debug;
		};
		A4DE9A41257CA41D005C8EED /* Release */ = {
			isa = XCBuildConfiguration;
			buildSettings = {
				ASSETCATALOG_COMPILER_APPICON_NAME = AppIcon;
				ASSETCATALOG_COMPILER_GLOBAL_ACCENT_COLOR_NAME = AccentColor;
				CODE_SIGN_STYLE = Automatic;
				INFOPLIST_FILE = Quiz/Info.plist;
				LD_RUNPATH_SEARCH_PATHS = (
					"$(inherited)",
					"@executable_path/Frameworks",
				);
				PRODUCT_BUNDLE_IDENTIFIER = justinjoe.Quiz;
				PRODUCT_NAME = "$(TARGET_NAME)";
				SWIFT_VERSION = 5.0;
				TARGETED_DEVICE_FAMILY = "1,2";
			};
			name = Release;
		};
		A4DE9A43257CA41D005C8EED /* Debug */ = {
			isa = XCBuildConfiguration;
			buildSettings = {
				ALWAYS_EMBED_SWIFT_STANDARD_LIBRARIES = YES;
				BUNDLE_LOADER = "$(TEST_HOST)";
				CODE_SIGN_STYLE = Automatic;
				INFOPLIST_FILE = QuizTests/Info.plist;
				IPHONEOS_DEPLOYMENT_TARGET = 14.3;
				LD_RUNPATH_SEARCH_PATHS = (
					"$(inherited)",
					"@executable_path/Frameworks",
					"@loader_path/Frameworks",
				);
				PRODUCT_BUNDLE_IDENTIFIER = justinjoe.QuizTests;
				PRODUCT_NAME = "$(TARGET_NAME)";
				SWIFT_VERSION = 5.0;
				TARGETED_DEVICE_FAMILY = "1,2";
				TEST_HOST = "$(BUILT_PRODUCTS_DIR)/Quiz.app/Quiz";
			};
			name = Debug;
		};
		A4DE9A44257CA41D005C8EED /* Release */ = {
			isa = XCBuildConfiguration;
			buildSettings = {
				ALWAYS_EMBED_SWIFT_STANDARD_LIBRARIES = YES;
				BUNDLE_LOADER = "$(TEST_HOST)";
				CODE_SIGN_STYLE = Automatic;
				INFOPLIST_FILE = QuizTests/Info.plist;
				IPHONEOS_DEPLOYMENT_TARGET = 14.3;
				LD_RUNPATH_SEARCH_PATHS = (
					"$(inherited)",
					"@executable_path/Frameworks",
					"@loader_path/Frameworks",
				);
				PRODUCT_BUNDLE_IDENTIFIER = justinjoe.QuizTests;
				PRODUCT_NAME = "$(TARGET_NAME)";
				SWIFT_VERSION = 5.0;
				TARGETED_DEVICE_FAMILY = "1,2";
				TEST_HOST = "$(BUILT_PRODUCTS_DIR)/Quiz.app/Quiz";
			};
			name = Release;
		};
		A4DE9A46257CA41D005C8EED /* Debug */ = {
			isa = XCBuildConfiguration;
			buildSettings = {
				ALWAYS_EMBED_SWIFT_STANDARD_LIBRARIES = YES;
				CODE_SIGN_STYLE = Automatic;
				INFOPLIST_FILE = QuizUITests/Info.plist;
				LD_RUNPATH_SEARCH_PATHS = (
					"$(inherited)",
					"@executable_path/Frameworks",
					"@loader_path/Frameworks",
				);
				PRODUCT_BUNDLE_IDENTIFIER = justinjoe.QuizUITests;
				PRODUCT_NAME = "$(TARGET_NAME)";
				SWIFT_VERSION = 5.0;
				TARGETED_DEVICE_FAMILY = "1,2";
				TEST_TARGET_NAME = Quiz;
			};
			name = Debug;
		};
		A4DE9A47257CA41D005C8EED /* Release */ = {
			isa = XCBuildConfiguration;
			buildSettings = {
				ALWAYS_EMBED_SWIFT_STANDARD_LIBRARIES = YES;
				CODE_SIGN_STYLE = Automatic;
				INFOPLIST_FILE = QuizUITests/Info.plist;
				LD_RUNPATH_SEARCH_PATHS = (
					"$(inherited)",
					"@executable_path/Frameworks",
					"@loader_path/Frameworks",
				);
				PRODUCT_BUNDLE_IDENTIFIER = justinjoe.QuizUITests;
				PRODUCT_NAME = "$(TARGET_NAME)";
				SWIFT_VERSION = 5.0;
				TARGETED_DEVICE_FAMILY = "1,2";
				TEST_TARGET_NAME = Quiz;
			};
			name = Release;
		};
/* End XCBuildConfiguration section */

/* Begin XCConfigurationList section */
		A4DE9A10257CA41B005C8EED /* Build configuration list for PBXProject "Quiz" */ = {
			isa = XCConfigurationList;
			buildConfigurations = (
				A4DE9A3D257CA41D005C8EED /* Debug */,
				A4DE9A3E257CA41D005C8EED /* Release */,
			);
			defaultConfigurationIsVisible = 0;
			defaultConfigurationName = Release;
		};
		A4DE9A3F257CA41D005C8EED /* Build configuration list for PBXNativeTarget "Quiz" */ = {
			isa = XCConfigurationList;
			buildConfigurations = (
				A4DE9A40257CA41D005C8EED /* Debug */,
				A4DE9A41257CA41D005C8EED /* Release */,
			);
			defaultConfigurationIsVisible = 0;
			defaultConfigurationName = Release;
		};
		A4DE9A42257CA41D005C8EED /* Build configuration list for PBXNativeTarget "QuizTests" */ = {
			isa = XCConfigurationList;
			buildConfigurations = (
				A4DE9A43257CA41D005C8EED /* Debug */,
				A4DE9A44257CA41D005C8EED /* Release */,
			);
			defaultConfigurationIsVisible = 0;
			defaultConfigurationName = Release;
		};
		A4DE9A45257CA41D005C8EED /* Build configuration list for PBXNativeTarget "QuizUITests" */ = {
			isa = XCConfigurationList;
			buildConfigurations = (
				A4DE9A46257CA41D005C8EED /* Debug */,
				A4DE9A47257CA41D005C8EED /* Release */,
			);
			defaultConfigurationIsVisible = 0;
			defaultConfigurationName = Release;
		};
/* End XCConfigurationList section */
	};
	rootObject = A4DE9A0D257CA41B005C8EED /* Project object */;
}
